{
    "version": 3,
    "terraform_version": "0.11.8",
    "serial": 16,
    "lineage": "40205444-b2d1-19ba-0ac9-b271002a879e",
    "modules": [
        {
            "path": [
                "root"
            ],
            "outputs": {
                "nat_public_ip": {
                    "sensitive": false,
                    "type": "string",
                    "value": "54.166.185.91"
                },
                "vpn_public_ip": {
                    "sensitive": false,
                    "type": "string",
                    "value": "18.233.101.251"
                }
            },
            "resources": {
                "aws_db_instance.drupal_rds": {
                    "type": "aws_db_instance",
                    "depends_on": [
                        "aws_db_subnet_group.rds_dbsubnet_group"
                    ],
                    "primary": {
                        "id": "terraform-20180903102843437400000002",
                        "attributes": {
                            "address": "terraform-20180903102843437400000002.coosiiasumyy.us-east-1.rds.amazonaws.com",
                            "allocated_storage": "20",
                            "arn": "arn:aws:rds:us-east-1:238544149387:db:terraform-20180903102843437400000002",
                            "auto_minor_version_upgrade": "true",
                            "availability_zone": "us-east-1c",
                            "backup_retention_period": "0",
                            "backup_window": "04:14-04:44",
                            "ca_cert_identifier": "rds-ca-2015",
                            "copy_tags_to_snapshot": "false",
                            "db_subnet_group_name": "rds_dbsubnet_group",
                            "enabled_cloudwatch_logs_exports.#": "0",
                            "endpoint": "terraform-20180903102843437400000002.coosiiasumyy.us-east-1.rds.amazonaws.com:3306",
                            "engine": "mysql",
                            "engine_version": "5.7.22",
                            "hosted_zone_id": "Z2R2ITUGPM61AM",
                            "iam_database_authentication_enabled": "false",
                            "id": "terraform-20180903102843437400000002",
                            "identifier": "terraform-20180903102843437400000002",
                            "instance_class": "db.t2.micro",
                            "iops": "0",
                            "kms_key_id": "",
                            "license_model": "general-public-license",
                            "maintenance_window": "tue:09:19-tue:09:49",
                            "monitoring_interval": "0",
                            "multi_az": "true",
                            "name": "drupaldb",
                            "option_group_name": "default:mysql-5-7",
                            "parameter_group_name": "default.mysql5.7",
                            "password": "drupal123",
                            "port": "3306",
                            "publicly_accessible": "false",
                            "replicas.#": "0",
                            "replicate_source_db": "",
                            "resource_id": "db-L6D2MRDZVCIE6W7CXJ6QMZSH2M",
                            "security_group_names.#": "0",
                            "skip_final_snapshot": "true",
                            "status": "available",
                            "storage_encrypted": "false",
                            "storage_type": "gp2",
                            "tags.%": "0",
                            "timezone": "",
                            "username": "drupal",
                            "vpc_security_group_ids.#": "1",
                            "vpc_security_group_ids.2400373225": "sg-0f5ff19439244618a"
                        },
                        "meta": {
                            "e2bfb730-ecaa-11e6-8f88-34363bc7c4c0": {
                                "create": 2400000000000,
                                "delete": 2400000000000,
                                "update": 4800000000000
                            }
                        },
                        "tainted": false
                    },
                    "deposed": [],
                    "provider": "provider.aws"
                },
                "aws_db_subnet_group.rds_dbsubnet_group": {
                    "type": "aws_db_subnet_group",
                    "depends_on": [
                        "aws_subnet.private-subnets-DB.*"
                    ],
                    "primary": {
                        "id": "rds_dbsubnet_group",
                        "attributes": {
                            "arn": "arn:aws:rds:us-east-1:238544149387:subgrp:rds_dbsubnet_group",
                            "description": "Managed by Terraform",
                            "id": "rds_dbsubnet_group",
                            "name": "rds_dbsubnet_group",
                            "subnet_ids.#": "3",
                            "subnet_ids.102618814": "subnet-05e1dc437b80a28ec",
                            "subnet_ids.1533841424": "subnet-0aa2d8f22518f266f",
                            "subnet_ids.3870432170": "subnet-0799faa1913080299",
                            "tags.%": "2",
                            "tags.Environment": "pci_dss_poc",
                            "tags.Name": "db-subnet-group"
                        },
                        "meta": {},
                        "tainted": false
                    },
                    "deposed": [],
                    "provider": "provider.aws"
                },
                "aws_eip.nat-eip": {
                    "type": "aws_eip",
                    "depends_on": [],
                    "primary": {
                        "id": "eipalloc-03444f6029d0d0ae6",
                        "attributes": {
                            "association_id": "",
                            "domain": "vpc",
                            "id": "eipalloc-03444f6029d0d0ae6",
                            "instance": "",
                            "network_interface": "",
                            "private_ip": "",
                            "public_ip": "52.23.46.228",
                            "tags.%": "0",
                            "vpc": "true"
                        },
                        "meta": {
                            "e2bfb730-ecaa-11e6-8f88-34363bc7c4c0": {
                                "delete": 180000000000,
                                "read": 900000000000,
                                "update": 300000000000
                            }
                        },
                        "tainted": false
                    },
                    "deposed": [],
                    "provider": "provider.aws"
                },
                "aws_eip.open_vpn_eip": {
                    "type": "aws_eip",
                    "depends_on": [
                        "aws_instance.open_vpn"
                    ],
                    "primary": {
                        "id": "eipalloc-0ffefc24f48654765",
                        "attributes": {
                            "association_id": "eipassoc-09761e83e8adc3724",
                            "domain": "vpc",
                            "id": "eipalloc-0ffefc24f48654765",
                            "instance": "i-0f43a5e080e15aaa2",
                            "network_interface": "eni-027a1aa3e0a585f6d",
                            "private_ip": "10.0.12.35",
                            "public_ip": "52.205.81.158",
                            "tags.%": "0",
                            "vpc": "true"
                        },
                        "meta": {
                            "e2bfb730-ecaa-11e6-8f88-34363bc7c4c0": {
                                "delete": 180000000000,
                                "read": 900000000000,
                                "update": 300000000000
                            }
                        },
                        "tainted": false
                    },
                    "deposed": [],
                    "provider": "provider.aws"
                },
                "aws_elasticache_cluster.redis_cluster": {
                    "type": "aws_elasticache_cluster",
                    "depends_on": [],
                    "primary": {
                        "id": "redis-cluster",
                        "attributes": {
                            "availability_zone": "us-east-1c",
                            "az_mode": "single-az",
                            "cache_nodes.#": "1",
                            "cache_nodes.0.address": "redis-cluster.baplaf.0001.use1.cache.amazonaws.com",
                            "cache_nodes.0.availability_zone": "us-east-1c",
                            "cache_nodes.0.id": "0001",
                            "cache_nodes.0.port": "6379",
                            "cluster_id": "redis-cluster",
                            "engine": "redis",
                            "engine_version": "4.0.10",
                            "id": "redis-cluster",
                            "maintenance_window": "fri:07:30-fri:08:30",
                            "node_type": "cache.t2.micro",
                            "num_cache_nodes": "1",
                            "parameter_group_name": "default.redis4.0",
                            "port": "6379",
                            "security_group_ids.#": "0",
                            "security_group_names.#": "0",
                            "snapshot_retention_limit": "0",
                            "snapshot_window": "",
                            "subnet_group_name": "default",
                            "tags.%": "0"
                        },
                        "meta": {},
                        "tainted": false
                    },
                    "deposed": [],
                    "provider": "provider.aws"
                },
                "aws_instance.nat-instance": {
                    "type": "aws_instance",
                    "depends_on": [
                        "aws_security_group.sg_nat",
                        "aws_subnet.public-subnets.*"
                    ],
                    "primary": {
                        "id": "i-01325f49746f6dced",
                        "attributes": {
                            "ami": "ami-01623d7b",
                            "arn": "arn:aws:ec2:us-east-1:238544149387:instance/i-01325f49746f6dced",
                            "associate_public_ip_address": "true",
                            "availability_zone": "us-east-1a",
                            "cpu_core_count": "1",
                            "cpu_threads_per_core": "1",
                            "credit_specification.#": "1",
                            "credit_specification.0.cpu_credits": "standard",
                            "disable_api_termination": "false",
                            "ebs_block_device.#": "0",
                            "ebs_optimized": "false",
                            "ephemeral_block_device.#": "0",
                            "get_password_data": "false",
                            "iam_instance_profile": "",
                            "id": "i-01325f49746f6dced",
                            "instance_state": "running",
                            "instance_type": "t2.micro",
                            "ipv6_addresses.#": "0",
                            "key_name": "nat1",
                            "monitoring": "false",
                            "network_interface.#": "0",
                            "network_interface_id": "eni-0af4cf384d6795e34",
                            "password_data": "",
                            "placement_group": "",
                            "primary_network_interface_id": "eni-0af4cf384d6795e34",
                            "private_dns": "ip-10-0-8-15.ec2.internal",
                            "private_ip": "10.0.8.15",
                            "public_dns": "ec2-54-166-185-91.compute-1.amazonaws.com",
                            "public_ip": "54.166.185.91",
                            "root_block_device.#": "1",
                            "root_block_device.0.delete_on_termination": "true",
                            "root_block_device.0.iops": "0",
                            "root_block_device.0.volume_id": "vol-0e19c92c049e10ad8",
                            "root_block_device.0.volume_size": "8",
                            "root_block_device.0.volume_type": "standard",
                            "security_groups.#": "0",
                            "source_dest_check": "false",
                            "subnet_id": "subnet-0afff334eb773c3d6",
                            "tags.%": "1",
                            "tags.Name": "drupal-vpc-public-nat-instance",
                            "tenancy": "default",
                            "volume_tags.%": "0",
                            "vpc_security_group_ids.#": "1",
                            "vpc_security_group_ids.2781210672": "sg-093571f22c0ba3023"
                        },
                        "meta": {
                            "e2bfb730-ecaa-11e6-8f88-34363bc7c4c0": {
                                "create": 600000000000,
                                "delete": 1200000000000,
                                "update": 600000000000
                            },
                            "schema_version": "1"
                        },
                        "tainted": false
                    },
                    "deposed": [],
                    "provider": "provider.aws"
                },
                "aws_instance.open_vpn": {
                    "type": "aws_instance",
                    "depends_on": [
                        "aws_security_group.open_vpn_sg",
                        "aws_subnet.public-subnets"
                    ],
                    "primary": {
                        "id": "i-0f43a5e080e15aaa2",
                        "attributes": {
                            "ami": "ami-759bc50a",
                            "arn": "arn:aws:ec2:us-east-1:238544149387:instance/i-0f43a5e080e15aaa2",
                            "associate_public_ip_address": "true",
                            "availability_zone": "us-east-1a",
                            "cpu_core_count": "1",
                            "cpu_threads_per_core": "1",
                            "credit_specification.#": "1",
                            "credit_specification.0.cpu_credits": "standard",
                            "disable_api_termination": "false",
                            "ebs_block_device.#": "0",
                            "ebs_optimized": "false",
                            "ephemeral_block_device.#": "0",
                            "get_password_data": "false",
                            "iam_instance_profile": "",
                            "id": "i-0f43a5e080e15aaa2",
                            "instance_state": "running",
                            "instance_type": "t2.micro",
                            "ipv6_addresses.#": "0",
                            "key_name": "tf1",
                            "monitoring": "false",
                            "network_interface.#": "0",
                            "network_interface_id": "eni-027a1aa3e0a585f6d",
                            "password_data": "",
                            "placement_group": "",
                            "primary_network_interface_id": "eni-027a1aa3e0a585f6d",
                            "private_dns": "ip-10-0-12-35.ec2.internal",
                            "private_ip": "10.0.12.35",
                            "public_dns": "ec2-18-233-101-251.compute-1.amazonaws.com",
                            "public_ip": "18.233.101.251",
                            "root_block_device.#": "1",
                            "root_block_device.0.delete_on_termination": "true",
                            "root_block_device.0.iops": "100",
                            "root_block_device.0.volume_id": "vol-061a4507ba82d69e5",
                            "root_block_device.0.volume_size": "8",
                            "root_block_device.0.volume_type": "gp2",
                            "security_groups.#": "0",
                            "source_dest_check": "false",
                            "subnet_id": "subnet-0afff334eb773c3d6",
                            "tags.%": "2",
                            "tags.Environment": "pci_dss_poc",
                            "tags.Name": "open_vpn_server",
                            "tenancy": "default",
                            "volume_tags.%": "0",
                            "vpc_security_group_ids.#": "1",
                            "vpc_security_group_ids.4059392392": "sg-02d77335f93d240ae"
                        },
                        "meta": {
                            "e2bfb730-ecaa-11e6-8f88-34363bc7c4c0": {
                                "create": 600000000000,
                                "delete": 1200000000000,
                                "update": 600000000000
                            },
                            "schema_version": "1"
                        },
                        "tainted": false
                    },
                    "deposed": [],
                    "provider": "provider.aws"
                },
                "aws_internet_gateway.drupal-gateway": {
                    "type": "aws_internet_gateway",
                    "depends_on": [
                        "aws_vpc.drupal-vpc"
                    ],
                    "primary": {
                        "id": "igw-0e26508cde762cee2",
                        "attributes": {
                            "id": "igw-0e26508cde762cee2",
                            "vpc_id": "vpc-0a633c995e83988d7"
                        },
                        "meta": {},
                        "tainted": false
                    },
                    "deposed": [],
                    "provider": "provider.aws"
                },
                "aws_lb.alb_pci": {
                    "type": "aws_lb",
                    "depends_on": [
                        "aws_security_group.frontend_sg",
                        "aws_subnet.public-subnets.*"
                    ],
                    "primary": {
                        "id": "arn:aws:elasticloadbalancing:us-east-1:238544149387:loadbalancer/app/alb-pci-dss/087f9b4de81f883b",
                        "attributes": {
                            "access_logs.#": "0",
                            "arn": "arn:aws:elasticloadbalancing:us-east-1:238544149387:loadbalancer/app/alb-pci-dss/087f9b4de81f883b",
                            "arn_suffix": "app/alb-pci-dss/087f9b4de81f883b",
                            "dns_name": "alb-pci-dss-352366461.us-east-1.elb.amazonaws.com",
                            "enable_deletion_protection": "false",
                            "enable_http2": "true",
                            "id": "arn:aws:elasticloadbalancing:us-east-1:238544149387:loadbalancer/app/alb-pci-dss/087f9b4de81f883b",
                            "idle_timeout": "60",
                            "internal": "false",
                            "ip_address_type": "ipv4",
                            "load_balancer_type": "application",
                            "name": "alb-pci-dss",
                            "security_groups.#": "1",
                            "security_groups.3445456430": "sg-0a4d7acf836eefd4a",
                            "subnet_mapping.#": "0",
                            "subnets.#": "3",
                            "subnets.1456086738": "subnet-0afff334eb773c3d6",
                            "subnets.2183070555": "subnet-03b031822648a8efc",
                            "subnets.2267570100": "subnet-0f8482b0bfb342623",
                            "tags.%": "2",
                            "tags.Environment": "pci_dss_poc",
                            "tags.Name": "pci_dss_alb",
                            "vpc_id": "vpc-0a633c995e83988d7",
                            "zone_id": "Z35SXDOTRQ7X7K"
                        },
                        "meta": {
                            "e2bfb730-ecaa-11e6-8f88-34363bc7c4c0": {
                                "create": 600000000000,
                                "delete": 600000000000,
                                "update": 600000000000
                            }
                        },
                        "tainted": false
                    },
                    "deposed": [],
                    "provider": "provider.aws"
                },
                "aws_lb_listener.pci_lb_listener": {
                    "type": "aws_lb_listener",
                    "depends_on": [
                        "aws_lb.alb_pci",
                        "aws_lb_target_group.alb_pci_tg"
                    ],
                    "primary": {
                        "id": "arn:aws:elasticloadbalancing:us-east-1:238544149387:listener/app/alb-pci-dss/087f9b4de81f883b/0e87487918eba1a6",
                        "attributes": {
                            "arn": "arn:aws:elasticloadbalancing:us-east-1:238544149387:listener/app/alb-pci-dss/087f9b4de81f883b/0e87487918eba1a6",
                            "certificate_arn": "arn:aws:iam::238544149387:server-certificate/pci-dss-x509",
                            "default_action.#": "1",
                            "default_action.0.fixed_response.#": "0",
                            "default_action.0.redirect.#": "0",
                            "default_action.0.target_group_arn": "arn:aws:elasticloadbalancing:us-east-1:238544149387:targetgroup/alb-pci-tg/f13a2b0c2e6ac794",
                            "default_action.0.type": "forward",
                            "id": "arn:aws:elasticloadbalancing:us-east-1:238544149387:listener/app/alb-pci-dss/087f9b4de81f883b/0e87487918eba1a6",
                            "load_balancer_arn": "arn:aws:elasticloadbalancing:us-east-1:238544149387:loadbalancer/app/alb-pci-dss/087f9b4de81f883b",
                            "port": "443",
                            "protocol": "HTTPS",
                            "ssl_policy": "ELBSecurityPolicy-2015-05"
                        },
                        "meta": {},
                        "tainted": false
                    },
                    "deposed": [],
                    "provider": "provider.aws"
                },
                "aws_lb_target_group.alb_pci_tg": {
                    "type": "aws_lb_target_group",
                    "depends_on": [
                        "aws_vpc.drupal-vpc"
                    ],
                    "primary": {
                        "id": "arn:aws:elasticloadbalancing:us-east-1:238544149387:targetgroup/alb-pci-tg/f13a2b0c2e6ac794",
                        "attributes": {
                            "arn": "arn:aws:elasticloadbalancing:us-east-1:238544149387:targetgroup/alb-pci-tg/f13a2b0c2e6ac794",
                            "arn_suffix": "targetgroup/alb-pci-tg/f13a2b0c2e6ac794",
                            "deregistration_delay": "300",
                            "health_check.#": "1",
                            "health_check.0.healthy_threshold": "5",
                            "health_check.0.interval": "30",
                            "health_check.0.matcher": "200",
                            "health_check.0.path": "/",
                            "health_check.0.port": "traffic-port",
                            "health_check.0.protocol": "HTTPS",
                            "health_check.0.timeout": "5",
                            "health_check.0.unhealthy_threshold": "2",
                            "id": "arn:aws:elasticloadbalancing:us-east-1:238544149387:targetgroup/alb-pci-tg/f13a2b0c2e6ac794",
                            "name": "alb-pci-tg",
                            "port": "443",
                            "protocol": "HTTPS",
                            "proxy_protocol_v2": "false",
                            "slow_start": "0",
                            "stickiness.#": "1",
                            "stickiness.0.cookie_duration": "86400",
                            "stickiness.0.enabled": "false",
                            "stickiness.0.type": "lb_cookie",
                            "tags.%": "0",
                            "target_type": "instance",
                            "vpc_id": "vpc-0a633c995e83988d7"
                        },
                        "meta": {},
                        "tainted": false
                    },
                    "deposed": [],
                    "provider": "provider.aws"
                },
                "aws_nat_gateway.app-gw": {
                    "type": "aws_nat_gateway",
                    "depends_on": [
                        "aws_eip.nat-eip",
                        "aws_internet_gateway.drupal-gateway",
                        "aws_subnet.public-subnets.*"
                    ],
                    "primary": {
                        "id": "nat-0b3fb93df0057edcd",
                        "attributes": {
                            "allocation_id": "eipalloc-03444f6029d0d0ae6",
                            "id": "nat-0b3fb93df0057edcd",
                            "network_interface_id": "eni-05448896db5a42be2",
                            "private_ip": "10.0.3.176",
                            "public_ip": "52.23.46.228",
                            "subnet_id": "subnet-0afff334eb773c3d6",
                            "tags.%": "1",
                            "tags.Name": "drupal-vpc-nat-gateway"
                        },
                        "meta": {},
                        "tainted": false
                    },
                    "deposed": [],
                    "provider": "provider.aws"
                },
                "aws_route53_zone.hosted_zone": {
                    "type": "aws_route53_zone",
                    "depends_on": [],
                    "primary": {
                        "id": "ZER25U99EKTG3",
                        "attributes": {
                            "comment": "Managed by Terraform",
                            "force_destroy": "false",
                            "id": "ZER25U99EKTG3",
                            "name": "poc-internal.digital",
                            "name_servers.#": "4",
                            "name_servers.0": "ns-1371.awsdns-43.org",
                            "name_servers.1": "ns-1639.awsdns-12.co.uk",
                            "name_servers.2": "ns-476.awsdns-59.com",
                            "name_servers.3": "ns-855.awsdns-42.net",
                            "tags.%": "0",
                            "zone_id": "ZER25U99EKTG3"
                        },
                        "meta": {},
                        "tainted": false
                    },
                    "deposed": [],
                    "provider": "provider.aws"
                },
                "aws_route_table.private-subnet-rt": {
                    "type": "aws_route_table",
                    "depends_on": [
                        "aws_nat_gateway.app-gw",
                        "aws_vpc.drupal-vpc"
                    ],
                    "primary": {
                        "id": "rtb-03c74394b562acb46",
                        "attributes": {
                            "id": "rtb-03c74394b562acb46",
                            "propagating_vgws.#": "0",
                            "route.#": "1",
                            "route.2387435076.cidr_block": "0.0.0.0/0",
                            "route.2387435076.egress_only_gateway_id": "",
                            "route.2387435076.gateway_id": "",
                            "route.2387435076.instance_id": "",
                            "route.2387435076.ipv6_cidr_block": "",
                            "route.2387435076.nat_gateway_id": "nat-0b3fb93df0057edcd",
                            "route.2387435076.network_interface_id": "",
                            "route.2387435076.vpc_peering_connection_id": "",
                            "tags.%": "2",
                            "tags.Name": "drupal-vpc-private-subnet-route-table",
                            "tags.drupal-vpc": "drupal-vpc",
                            "vpc_id": "vpc-0a633c995e83988d7"
                        },
                        "meta": {},
                        "tainted": false
                    },
                    "deposed": [],
                    "provider": "provider.aws"
                },
                "aws_route_table.public-subnet-rt": {
                    "type": "aws_route_table",
                    "depends_on": [
                        "aws_internet_gateway.drupal-gateway",
                        "aws_vpc.drupal-vpc"
                    ],
                    "primary": {
                        "id": "rtb-09915a1cbb0cfcc7f",
                        "attributes": {
                            "id": "rtb-09915a1cbb0cfcc7f",
                            "propagating_vgws.#": "0",
                            "route.#": "1",
                            "route.2229975764.cidr_block": "0.0.0.0/0",
                            "route.2229975764.egress_only_gateway_id": "",
                            "route.2229975764.gateway_id": "igw-0e26508cde762cee2",
                            "route.2229975764.instance_id": "",
                            "route.2229975764.ipv6_cidr_block": "",
                            "route.2229975764.nat_gateway_id": "",
                            "route.2229975764.network_interface_id": "",
                            "route.2229975764.vpc_peering_connection_id": "",
                            "tags.%": "2",
                            "tags.Name": "drupal-vpc-public-subnet-route-table",
                            "tags.drupal-vpc": "drupal-vpc",
                            "vpc_id": "vpc-0a633c995e83988d7"
                        },
                        "meta": {},
                        "tainted": false
                    },
                    "deposed": [],
                    "provider": "provider.aws"
                },
                "aws_route_table_association.private-subnet-application-rta.0": {
                    "type": "aws_route_table_association",
                    "depends_on": [
                        "aws_route_table.private-subnet-rt",
                        "aws_subnet.private-subnets-application.*"
                    ],
                    "primary": {
                        "id": "rtbassoc-099b3bb86ad733be9",
                        "attributes": {
                            "id": "rtbassoc-099b3bb86ad733be9",
                            "route_table_id": "rtb-03c74394b562acb46",
                            "subnet_id": "subnet-0da475bc03e4c1d0e"
                        },
                        "meta": {},
                        "tainted": false
                    },
                    "deposed": [],
                    "provider": "provider.aws"
                },
                "aws_route_table_association.private-subnet-application-rta.1": {
                    "type": "aws_route_table_association",
                    "depends_on": [
                        "aws_route_table.private-subnet-rt",
                        "aws_subnet.private-subnets-application.*"
                    ],
                    "primary": {
                        "id": "rtbassoc-0e1303a793f4789ed",
                        "attributes": {
                            "id": "rtbassoc-0e1303a793f4789ed",
                            "route_table_id": "rtb-03c74394b562acb46",
                            "subnet_id": "subnet-098e1098f833fc12d"
                        },
                        "meta": {},
                        "tainted": false
                    },
                    "deposed": [],
                    "provider": "provider.aws"
                },
                "aws_route_table_association.private-subnet-application-rta.2": {
                    "type": "aws_route_table_association",
                    "depends_on": [
                        "aws_route_table.private-subnet-rt",
                        "aws_subnet.private-subnets-application.*"
                    ],
                    "primary": {
                        "id": "rtbassoc-0da3828e25e118b3e",
                        "attributes": {
                            "id": "rtbassoc-0da3828e25e118b3e",
                            "route_table_id": "rtb-03c74394b562acb46",
                            "subnet_id": "subnet-0aa9b85a0a85f25dd"
                        },
                        "meta": {},
                        "tainted": false
                    },
                    "deposed": [],
                    "provider": "provider.aws"
                },
                "aws_route_table_association.private-subnet-db-rta.0": {
                    "type": "aws_route_table_association",
                    "depends_on": [
                        "aws_route_table.private-subnet-rt",
                        "aws_subnet.private-subnets-DB.*"
                    ],
                    "primary": {
                        "id": "rtbassoc-0888c7e5f246718a9",
                        "attributes": {
                            "id": "rtbassoc-0888c7e5f246718a9",
                            "route_table_id": "rtb-03c74394b562acb46",
                            "subnet_id": "subnet-0799faa1913080299"
                        },
                        "meta": {},
                        "tainted": false
                    },
                    "deposed": [],
                    "provider": "provider.aws"
                },
                "aws_route_table_association.private-subnet-db-rta.1": {
                    "type": "aws_route_table_association",
                    "depends_on": [
                        "aws_route_table.private-subnet-rt",
                        "aws_subnet.private-subnets-DB.*"
                    ],
                    "primary": {
                        "id": "rtbassoc-015ae258fc3e293ec",
                        "attributes": {
                            "id": "rtbassoc-015ae258fc3e293ec",
                            "route_table_id": "rtb-03c74394b562acb46",
                            "subnet_id": "subnet-0aa2d8f22518f266f"
                        },
                        "meta": {},
                        "tainted": false
                    },
                    "deposed": [],
                    "provider": "provider.aws"
                },
                "aws_route_table_association.private-subnet-db-rta.2": {
                    "type": "aws_route_table_association",
                    "depends_on": [
                        "aws_route_table.private-subnet-rt",
                        "aws_subnet.private-subnets-DB.*"
                    ],
                    "primary": {
                        "id": "rtbassoc-0a3c27cb7ebbe6524",
                        "attributes": {
                            "id": "rtbassoc-0a3c27cb7ebbe6524",
                            "route_table_id": "rtb-03c74394b562acb46",
                            "subnet_id": "subnet-05e1dc437b80a28ec"
                        },
                        "meta": {},
                        "tainted": false
                    },
                    "deposed": [],
                    "provider": "provider.aws"
                },
                "aws_route_table_association.public-subnet-rta.0": {
                    "type": "aws_route_table_association",
                    "depends_on": [
                        "aws_route_table.public-subnet-rt",
                        "aws_subnet.public-subnets.*"
                    ],
                    "primary": {
                        "id": "rtbassoc-0574bdc816ce23b25",
                        "attributes": {
                            "id": "rtbassoc-0574bdc816ce23b25",
                            "route_table_id": "rtb-09915a1cbb0cfcc7f",
                            "subnet_id": "subnet-0afff334eb773c3d6"
                        },
                        "meta": {},
                        "tainted": false
                    },
                    "deposed": [],
                    "provider": "provider.aws"
                },
                "aws_route_table_association.public-subnet-rta.1": {
                    "type": "aws_route_table_association",
                    "depends_on": [
                        "aws_route_table.public-subnet-rt",
                        "aws_subnet.public-subnets.*"
                    ],
                    "primary": {
                        "id": "rtbassoc-0a7d5c30014732721",
                        "attributes": {
                            "id": "rtbassoc-0a7d5c30014732721",
                            "route_table_id": "rtb-09915a1cbb0cfcc7f",
                            "subnet_id": "subnet-0f8482b0bfb342623"
                        },
                        "meta": {},
                        "tainted": false
                    },
                    "deposed": [],
                    "provider": "provider.aws"
                },
                "aws_route_table_association.public-subnet-rta.2": {
                    "type": "aws_route_table_association",
                    "depends_on": [
                        "aws_route_table.public-subnet-rt",
                        "aws_subnet.public-subnets.*"
                    ],
                    "primary": {
                        "id": "rtbassoc-039d49e8e6f47f69f",
                        "attributes": {
                            "id": "rtbassoc-039d49e8e6f47f69f",
                            "route_table_id": "rtb-09915a1cbb0cfcc7f",
                            "subnet_id": "subnet-03b031822648a8efc"
                        },
                        "meta": {},
                        "tainted": false
                    },
                    "deposed": [],
                    "provider": "provider.aws"
                },
                "aws_s3_bucket.pci-dss-bucket": {
                    "type": "aws_s3_bucket",
                    "depends_on": [],
                    "primary": {
                        "id": "pci-dss-bucket",
                        "attributes": {
                            "acceleration_status": "",
                            "acl": "private",
                            "arn": "arn:aws:s3:::pci-dss-bucket",
                            "bucket": "pci-dss-bucket",
                            "bucket_domain_name": "pci-dss-bucket.s3.amazonaws.com",
                            "bucket_regional_domain_name": "pci-dss-bucket.s3.amazonaws.com",
                            "cors_rule.#": "0",
                            "force_destroy": "false",
                            "hosted_zone_id": "Z3AQBSTGFYJSTF",
                            "id": "pci-dss-bucket",
                            "logging.#": "0",
                            "region": "us-east-1",
                            "replication_configuration.#": "0",
                            "request_payer": "BucketOwner",
                            "server_side_encryption_configuration.#": "1",
                            "server_side_encryption_configuration.0.rule.#": "1",
                            "server_side_encryption_configuration.0.rule.0.apply_server_side_encryption_by_default.#": "1",
                            "server_side_encryption_configuration.0.rule.0.apply_server_side_encryption_by_default.0.kms_master_key_id": "",
                            "server_side_encryption_configuration.0.rule.0.apply_server_side_encryption_by_default.0.sse_algorithm": "AES256",
                            "tags.%": "0",
                            "versioning.#": "1",
                            "versioning.0.enabled": "false",
                            "versioning.0.mfa_delete": "false",
                            "website.#": "0"
                        },
                        "meta": {},
                        "tainted": false
                    },
                    "deposed": [],
                    "provider": "provider.aws"
                },
                "aws_security_group.db_sg": {
                    "type": "aws_security_group",
                    "depends_on": [
                        "aws_security_group.frontend_sg",
                        "aws_vpc.drupal-vpc"
                    ],
                    "primary": {
                        "id": "sg-061172f593fa531f1",
                        "attributes": {
                            "arn": "arn:aws:ec2:us-east-1:238544149387:security-group/sg-061172f593fa531f1",
                            "description": "Allow traffic to pass from the private subnet to the db",
                            "egress.#": "1",
                            "egress.1403647648.cidr_blocks.#": "1",
                            "egress.1403647648.cidr_blocks.0": "0.0.0.0/0",
                            "egress.1403647648.description": "",
                            "egress.1403647648.from_port": "0",
                            "egress.1403647648.ipv6_cidr_blocks.#": "0",
                            "egress.1403647648.prefix_list_ids.#": "0",
                            "egress.1403647648.protocol": "tcp",
                            "egress.1403647648.security_groups.#": "0",
                            "egress.1403647648.self": "false",
                            "egress.1403647648.to_port": "65535",
                            "id": "sg-061172f593fa531f1",
                            "ingress.#": "3",
                            "ingress.1510536687.cidr_blocks.#": "0",
                            "ingress.1510536687.description": "",
                            "ingress.1510536687.from_port": "22",
                            "ingress.1510536687.ipv6_cidr_blocks.#": "0",
                            "ingress.1510536687.protocol": "tcp",
                            "ingress.1510536687.security_groups.#": "1",
                            "ingress.1510536687.security_groups.3445456430": "sg-0a4d7acf836eefd4a",
                            "ingress.1510536687.self": "false",
                            "ingress.1510536687.to_port": "22",
                            "ingress.2335876503.cidr_blocks.#": "0",
                            "ingress.2335876503.description": "",
                            "ingress.2335876503.from_port": "-1",
                            "ingress.2335876503.ipv6_cidr_blocks.#": "0",
                            "ingress.2335876503.protocol": "icmp",
                            "ingress.2335876503.security_groups.#": "1",
                            "ingress.2335876503.security_groups.3445456430": "sg-0a4d7acf836eefd4a",
                            "ingress.2335876503.self": "false",
                            "ingress.2335876503.to_port": "-1",
                            "ingress.4265187190.cidr_blocks.#": "0",
                            "ingress.4265187190.description": "",
                            "ingress.4265187190.from_port": "3306",
                            "ingress.4265187190.ipv6_cidr_blocks.#": "0",
                            "ingress.4265187190.protocol": "tcp",
                            "ingress.4265187190.security_groups.#": "1",
                            "ingress.4265187190.security_groups.3445456430": "sg-0a4d7acf836eefd4a",
                            "ingress.4265187190.self": "false",
                            "ingress.4265187190.to_port": "3306",
                            "name": "db_sg",
                            "owner_id": "238544149387",
                            "revoke_rules_on_delete": "false",
                            "tags.%": "2",
                            "tags.Environment": "pci_dss_poc",
                            "tags.Name": "drupal-vpc",
                            "vpc_id": "vpc-0a633c995e83988d7"
                        },
                        "meta": {
                            "e2bfb730-ecaa-11e6-8f88-34363bc7c4c0": {
                                "create": 600000000000,
                                "delete": 600000000000
                            },
                            "schema_version": "1"
                        },
                        "tainted": false
                    },
                    "deposed": [],
                    "provider": "provider.aws"
                },
                "aws_security_group.frontend_sg": {
                    "type": "aws_security_group",
                    "depends_on": [
                        "aws_vpc.drupal-vpc"
                    ],
                    "primary": {
                        "id": "sg-0a4d7acf836eefd4a",
                        "attributes": {
                            "arn": "arn:aws:ec2:us-east-1:238544149387:security-group/sg-0a4d7acf836eefd4a",
                            "description": "Allow traffic to pass from the public subnet to the internet",
                            "egress.#": "1",
                            "egress.1403647648.cidr_blocks.#": "1",
                            "egress.1403647648.cidr_blocks.0": "0.0.0.0/0",
                            "egress.1403647648.description": "",
                            "egress.1403647648.from_port": "0",
                            "egress.1403647648.ipv6_cidr_blocks.#": "0",
                            "egress.1403647648.prefix_list_ids.#": "0",
                            "egress.1403647648.protocol": "tcp",
                            "egress.1403647648.security_groups.#": "0",
                            "egress.1403647648.self": "false",
                            "egress.1403647648.to_port": "65535",
                            "id": "sg-0a4d7acf836eefd4a",
                            "ingress.#": "4",
                            "ingress.1799340084.cidr_blocks.#": "1",
                            "ingress.1799340084.cidr_blocks.0": "0.0.0.0/0",
                            "ingress.1799340084.description": "",
                            "ingress.1799340084.from_port": "-1",
                            "ingress.1799340084.ipv6_cidr_blocks.#": "0",
                            "ingress.1799340084.protocol": "icmp",
                            "ingress.1799340084.security_groups.#": "0",
                            "ingress.1799340084.self": "false",
                            "ingress.1799340084.to_port": "-1",
                            "ingress.2214680975.cidr_blocks.#": "1",
                            "ingress.2214680975.cidr_blocks.0": "0.0.0.0/0",
                            "ingress.2214680975.description": "",
                            "ingress.2214680975.from_port": "80",
                            "ingress.2214680975.ipv6_cidr_blocks.#": "0",
                            "ingress.2214680975.protocol": "tcp",
                            "ingress.2214680975.security_groups.#": "0",
                            "ingress.2214680975.self": "false",
                            "ingress.2214680975.to_port": "80",
                            "ingress.2541437006.cidr_blocks.#": "1",
                            "ingress.2541437006.cidr_blocks.0": "0.0.0.0/0",
                            "ingress.2541437006.description": "",
                            "ingress.2541437006.from_port": "22",
                            "ingress.2541437006.ipv6_cidr_blocks.#": "0",
                            "ingress.2541437006.protocol": "tcp",
                            "ingress.2541437006.security_groups.#": "0",
                            "ingress.2541437006.self": "false",
                            "ingress.2541437006.to_port": "22",
                            "ingress.2617001939.cidr_blocks.#": "1",
                            "ingress.2617001939.cidr_blocks.0": "0.0.0.0/0",
                            "ingress.2617001939.description": "",
                            "ingress.2617001939.from_port": "443",
                            "ingress.2617001939.ipv6_cidr_blocks.#": "0",
                            "ingress.2617001939.protocol": "tcp",
                            "ingress.2617001939.security_groups.#": "0",
                            "ingress.2617001939.self": "false",
                            "ingress.2617001939.to_port": "443",
                            "name": "frontend_sg",
                            "owner_id": "238544149387",
                            "revoke_rules_on_delete": "false",
                            "tags.%": "2",
                            "tags.Environment": "pci_dss_poc",
                            "tags.Name": "drupal-vpc",
                            "vpc_id": "vpc-0a633c995e83988d7"
                        },
                        "meta": {
                            "e2bfb730-ecaa-11e6-8f88-34363bc7c4c0": {
                                "create": 600000000000,
                                "delete": 600000000000
                            },
                            "schema_version": "1"
                        },
                        "tainted": false
                    },
                    "deposed": [],
                    "provider": "provider.aws"
                },
                "aws_security_group.open_vpn_sg": {
                    "type": "aws_security_group",
                    "depends_on": [
                        "aws_vpc.drupal-vpc"
                    ],
                    "primary": {
                        "id": "sg-02d77335f93d240ae",
                        "attributes": {
                            "arn": "arn:aws:ec2:us-east-1:238544149387:security-group/sg-02d77335f93d240ae",
                            "description": "Allow traffic to pass from the private subnet to the internet",
                            "egress.#": "4",
                            "egress.1799340084.cidr_blocks.#": "1",
                            "egress.1799340084.cidr_blocks.0": "0.0.0.0/0",
                            "egress.1799340084.description": "",
                            "egress.1799340084.from_port": "-1",
                            "egress.1799340084.ipv6_cidr_blocks.#": "0",
                            "egress.1799340084.prefix_list_ids.#": "0",
                            "egress.1799340084.protocol": "icmp",
                            "egress.1799340084.security_groups.#": "0",
                            "egress.1799340084.self": "false",
                            "egress.1799340084.to_port": "-1",
                            "egress.2214680975.cidr_blocks.#": "1",
                            "egress.2214680975.cidr_blocks.0": "0.0.0.0/0",
                            "egress.2214680975.description": "",
                            "egress.2214680975.from_port": "80",
                            "egress.2214680975.ipv6_cidr_blocks.#": "0",
                            "egress.2214680975.prefix_list_ids.#": "0",
                            "egress.2214680975.protocol": "tcp",
                            "egress.2214680975.security_groups.#": "0",
                            "egress.2214680975.self": "false",
                            "egress.2214680975.to_port": "80",
                            "egress.2541437006.cidr_blocks.#": "1",
                            "egress.2541437006.cidr_blocks.0": "0.0.0.0/0",
                            "egress.2541437006.description": "",
                            "egress.2541437006.from_port": "22",
                            "egress.2541437006.ipv6_cidr_blocks.#": "0",
                            "egress.2541437006.prefix_list_ids.#": "0",
                            "egress.2541437006.protocol": "tcp",
                            "egress.2541437006.security_groups.#": "0",
                            "egress.2541437006.self": "false",
                            "egress.2541437006.to_port": "22",
                            "egress.2617001939.cidr_blocks.#": "1",
                            "egress.2617001939.cidr_blocks.0": "0.0.0.0/0",
                            "egress.2617001939.description": "",
                            "egress.2617001939.from_port": "443",
                            "egress.2617001939.ipv6_cidr_blocks.#": "0",
                            "egress.2617001939.prefix_list_ids.#": "0",
                            "egress.2617001939.protocol": "tcp",
                            "egress.2617001939.security_groups.#": "0",
                            "egress.2617001939.self": "false",
                            "egress.2617001939.to_port": "443",
                            "id": "sg-02d77335f93d240ae",
                            "ingress.#": "4",
                            "ingress.1799340084.cidr_blocks.#": "1",
                            "ingress.1799340084.cidr_blocks.0": "0.0.0.0/0",
                            "ingress.1799340084.description": "",
                            "ingress.1799340084.from_port": "-1",
                            "ingress.1799340084.ipv6_cidr_blocks.#": "0",
                            "ingress.1799340084.protocol": "icmp",
                            "ingress.1799340084.security_groups.#": "0",
                            "ingress.1799340084.self": "false",
                            "ingress.1799340084.to_port": "-1",
                            "ingress.2214680975.cidr_blocks.#": "1",
                            "ingress.2214680975.cidr_blocks.0": "0.0.0.0/0",
                            "ingress.2214680975.description": "",
                            "ingress.2214680975.from_port": "80",
                            "ingress.2214680975.ipv6_cidr_blocks.#": "0",
                            "ingress.2214680975.protocol": "tcp",
                            "ingress.2214680975.security_groups.#": "0",
                            "ingress.2214680975.self": "false",
                            "ingress.2214680975.to_port": "80",
                            "ingress.2541437006.cidr_blocks.#": "1",
                            "ingress.2541437006.cidr_blocks.0": "0.0.0.0/0",
                            "ingress.2541437006.description": "",
                            "ingress.2541437006.from_port": "22",
                            "ingress.2541437006.ipv6_cidr_blocks.#": "0",
                            "ingress.2541437006.protocol": "tcp",
                            "ingress.2541437006.security_groups.#": "0",
                            "ingress.2541437006.self": "false",
                            "ingress.2541437006.to_port": "22",
                            "ingress.2617001939.cidr_blocks.#": "1",
                            "ingress.2617001939.cidr_blocks.0": "0.0.0.0/0",
                            "ingress.2617001939.description": "",
                            "ingress.2617001939.from_port": "443",
                            "ingress.2617001939.ipv6_cidr_blocks.#": "0",
                            "ingress.2617001939.protocol": "tcp",
                            "ingress.2617001939.security_groups.#": "0",
                            "ingress.2617001939.self": "false",
                            "ingress.2617001939.to_port": "443",
                            "name": "open_vpn_sg",
                            "owner_id": "238544149387",
                            "revoke_rules_on_delete": "false",
                            "tags.%": "2",
                            "tags.Environment": "pci_dss_poc",
                            "tags.Name": "drupal-vpc",
                            "vpc_id": "vpc-0a633c995e83988d7"
                        },
                        "meta": {
                            "e2bfb730-ecaa-11e6-8f88-34363bc7c4c0": {
                                "create": 600000000000,
                                "delete": 600000000000
                            },
                            "schema_version": "1"
                        },
                        "tainted": false
                    },
                    "deposed": [],
                    "provider": "provider.aws"
                },
                "aws_security_group.sg_nat": {
                    "type": "aws_security_group",
                    "depends_on": [
                        "aws_security_group.frontend_sg",
                        "aws_vpc.drupal-vpc"
                    ],
                    "primary": {
                        "id": "sg-093571f22c0ba3023",
                        "attributes": {
                            "arn": "arn:aws:ec2:us-east-1:238544149387:security-group/sg-093571f22c0ba3023",
                            "description": "Allow traffic to pass from the private subnet to the internet",
                            "egress.#": "4",
                            "egress.1799340084.cidr_blocks.#": "1",
                            "egress.1799340084.cidr_blocks.0": "0.0.0.0/0",
                            "egress.1799340084.description": "",
                            "egress.1799340084.from_port": "-1",
                            "egress.1799340084.ipv6_cidr_blocks.#": "0",
                            "egress.1799340084.prefix_list_ids.#": "0",
                            "egress.1799340084.protocol": "icmp",
                            "egress.1799340084.security_groups.#": "0",
                            "egress.1799340084.self": "false",
                            "egress.1799340084.to_port": "-1",
                            "egress.2214680975.cidr_blocks.#": "1",
                            "egress.2214680975.cidr_blocks.0": "0.0.0.0/0",
                            "egress.2214680975.description": "",
                            "egress.2214680975.from_port": "80",
                            "egress.2214680975.ipv6_cidr_blocks.#": "0",
                            "egress.2214680975.prefix_list_ids.#": "0",
                            "egress.2214680975.protocol": "tcp",
                            "egress.2214680975.security_groups.#": "0",
                            "egress.2214680975.self": "false",
                            "egress.2214680975.to_port": "80",
                            "egress.2541437006.cidr_blocks.#": "1",
                            "egress.2541437006.cidr_blocks.0": "0.0.0.0/0",
                            "egress.2541437006.description": "",
                            "egress.2541437006.from_port": "22",
                            "egress.2541437006.ipv6_cidr_blocks.#": "0",
                            "egress.2541437006.prefix_list_ids.#": "0",
                            "egress.2541437006.protocol": "tcp",
                            "egress.2541437006.security_groups.#": "0",
                            "egress.2541437006.self": "false",
                            "egress.2541437006.to_port": "22",
                            "egress.2617001939.cidr_blocks.#": "1",
                            "egress.2617001939.cidr_blocks.0": "0.0.0.0/0",
                            "egress.2617001939.description": "",
                            "egress.2617001939.from_port": "443",
                            "egress.2617001939.ipv6_cidr_blocks.#": "0",
                            "egress.2617001939.prefix_list_ids.#": "0",
                            "egress.2617001939.protocol": "tcp",
                            "egress.2617001939.security_groups.#": "0",
                            "egress.2617001939.self": "false",
                            "egress.2617001939.to_port": "443",
                            "id": "sg-093571f22c0ba3023",
                            "ingress.#": "4",
                            "ingress.1510536687.cidr_blocks.#": "0",
                            "ingress.1510536687.description": "",
                            "ingress.1510536687.from_port": "22",
                            "ingress.1510536687.ipv6_cidr_blocks.#": "0",
                            "ingress.1510536687.protocol": "tcp",
                            "ingress.1510536687.security_groups.#": "1",
                            "ingress.1510536687.security_groups.3445456430": "sg-0a4d7acf836eefd4a",
                            "ingress.1510536687.self": "false",
                            "ingress.1510536687.to_port": "22",
                            "ingress.1982714878.cidr_blocks.#": "0",
                            "ingress.1982714878.description": "",
                            "ingress.1982714878.from_port": "80",
                            "ingress.1982714878.ipv6_cidr_blocks.#": "0",
                            "ingress.1982714878.protocol": "tcp",
                            "ingress.1982714878.security_groups.#": "1",
                            "ingress.1982714878.security_groups.3445456430": "sg-0a4d7acf836eefd4a",
                            "ingress.1982714878.self": "false",
                            "ingress.1982714878.to_port": "80",
                            "ingress.2335876503.cidr_blocks.#": "0",
                            "ingress.2335876503.description": "",
                            "ingress.2335876503.from_port": "-1",
                            "ingress.2335876503.ipv6_cidr_blocks.#": "0",
                            "ingress.2335876503.protocol": "icmp",
                            "ingress.2335876503.security_groups.#": "1",
                            "ingress.2335876503.security_groups.3445456430": "sg-0a4d7acf836eefd4a",
                            "ingress.2335876503.self": "false",
                            "ingress.2335876503.to_port": "-1",
                            "ingress.4291570188.cidr_blocks.#": "0",
                            "ingress.4291570188.description": "",
                            "ingress.4291570188.from_port": "443",
                            "ingress.4291570188.ipv6_cidr_blocks.#": "0",
                            "ingress.4291570188.protocol": "tcp",
                            "ingress.4291570188.security_groups.#": "1",
                            "ingress.4291570188.security_groups.3445456430": "sg-0a4d7acf836eefd4a",
                            "ingress.4291570188.self": "false",
                            "ingress.4291570188.to_port": "443",
                            "name": "sg_nat",
                            "owner_id": "238544149387",
                            "revoke_rules_on_delete": "false",
                            "tags.%": "1",
                            "tags.Name": "drupal-vpc-nat-security-group",
                            "vpc_id": "vpc-0a633c995e83988d7"
                        },
                        "meta": {
                            "e2bfb730-ecaa-11e6-8f88-34363bc7c4c0": {
                                "create": 600000000000,
                                "delete": 600000000000
                            },
                            "schema_version": "1"
                        },
                        "tainted": false
                    },
                    "deposed": [],
                    "provider": "provider.aws"
                },
                "aws_subnet.private-subnets-DB.0": {
                    "type": "aws_subnet",
                    "depends_on": [
                        "aws_vpc.drupal-vpc"
                    ],
                    "primary": {
                        "id": "subnet-0799faa1913080299",
                        "attributes": {
                            "arn": "arn:aws:ec2:us-east-1:238544149387:subnet/subnet-0799faa1913080299",
                            "assign_ipv6_address_on_creation": "false",
                            "availability_zone": "us-east-1a",
                            "cidr_block": "10.0.96.0/20",
                            "id": "subnet-0799faa1913080299",
                            "map_public_ip_on_launch": "false",
                            "tags.%": "3",
                            "tags.Name": "drupal-vpc-private-subnetdb-0",
                            "tags.Network": "private",
                            "tags.drupal-vpc": "drupal-vpc",
                            "vpc_id": "vpc-0a633c995e83988d7"
                        },
                        "meta": {
                            "schema_version": "1"
                        },
                        "tainted": false
                    },
                    "deposed": [],
                    "provider": "provider.aws"
                },
                "aws_subnet.private-subnets-DB.1": {
                    "type": "aws_subnet",
                    "depends_on": [
                        "aws_vpc.drupal-vpc"
                    ],
                    "primary": {
                        "id": "subnet-0aa2d8f22518f266f",
                        "attributes": {
                            "arn": "arn:aws:ec2:us-east-1:238544149387:subnet/subnet-0aa2d8f22518f266f",
                            "assign_ipv6_address_on_creation": "false",
                            "availability_zone": "us-east-1b",
                            "cidr_block": "10.0.112.0/20",
                            "id": "subnet-0aa2d8f22518f266f",
                            "map_public_ip_on_launch": "false",
                            "tags.%": "3",
                            "tags.Name": "drupal-vpc-private-subnetdb-1",
                            "tags.Network": "private",
                            "tags.drupal-vpc": "drupal-vpc",
                            "vpc_id": "vpc-0a633c995e83988d7"
                        },
                        "meta": {
                            "schema_version": "1"
                        },
                        "tainted": false
                    },
                    "deposed": [],
                    "provider": "provider.aws"
                },
                "aws_subnet.private-subnets-DB.2": {
                    "type": "aws_subnet",
                    "depends_on": [
                        "aws_vpc.drupal-vpc"
                    ],
                    "primary": {
                        "id": "subnet-05e1dc437b80a28ec",
                        "attributes": {
                            "arn": "arn:aws:ec2:us-east-1:238544149387:subnet/subnet-05e1dc437b80a28ec",
                            "assign_ipv6_address_on_creation": "false",
                            "availability_zone": "us-east-1c",
                            "cidr_block": "10.0.128.0/20",
                            "id": "subnet-05e1dc437b80a28ec",
                            "map_public_ip_on_launch": "false",
                            "tags.%": "3",
                            "tags.Name": "drupal-vpc-private-subnetdb-2",
                            "tags.Network": "private",
                            "tags.drupal-vpc": "drupal-vpc",
                            "vpc_id": "vpc-0a633c995e83988d7"
                        },
                        "meta": {
                            "schema_version": "1"
                        },
                        "tainted": false
                    },
                    "deposed": [],
                    "provider": "provider.aws"
                },
                "aws_subnet.private-subnets-application.0": {
                    "type": "aws_subnet",
                    "depends_on": [
                        "aws_vpc.drupal-vpc"
                    ],
                    "primary": {
                        "id": "subnet-0da475bc03e4c1d0e",
                        "attributes": {
                            "arn": "arn:aws:ec2:us-east-1:238544149387:subnet/subnet-0da475bc03e4c1d0e",
                            "assign_ipv6_address_on_creation": "false",
                            "availability_zone": "us-east-1a",
                            "cidr_block": "10.0.48.0/20",
                            "id": "subnet-0da475bc03e4c1d0e",
                            "map_public_ip_on_launch": "false",
                            "tags.%": "3",
                            "tags.Name": "drupal-vpc-private-subnet-app-0",
                            "tags.Network": "private",
                            "tags.drupal-vpc": "drupal-vpc",
                            "vpc_id": "vpc-0a633c995e83988d7"
                        },
                        "meta": {
                            "schema_version": "1"
                        },
                        "tainted": false
                    },
                    "deposed": [],
                    "provider": "provider.aws"
                },
                "aws_subnet.private-subnets-application.1": {
                    "type": "aws_subnet",
                    "depends_on": [
                        "aws_vpc.drupal-vpc"
                    ],
                    "primary": {
                        "id": "subnet-098e1098f833fc12d",
                        "attributes": {
                            "arn": "arn:aws:ec2:us-east-1:238544149387:subnet/subnet-098e1098f833fc12d",
                            "assign_ipv6_address_on_creation": "false",
                            "availability_zone": "us-east-1b",
                            "cidr_block": "10.0.64.0/20",
                            "id": "subnet-098e1098f833fc12d",
                            "map_public_ip_on_launch": "false",
                            "tags.%": "3",
                            "tags.Name": "drupal-vpc-private-subnet-app-1",
                            "tags.Network": "private",
                            "tags.drupal-vpc": "drupal-vpc",
                            "vpc_id": "vpc-0a633c995e83988d7"
                        },
                        "meta": {
                            "schema_version": "1"
                        },
                        "tainted": false
                    },
                    "deposed": [],
                    "provider": "provider.aws"
                },
                "aws_subnet.private-subnets-application.2": {
                    "type": "aws_subnet",
                    "depends_on": [
                        "aws_vpc.drupal-vpc"
                    ],
                    "primary": {
                        "id": "subnet-0aa9b85a0a85f25dd",
                        "attributes": {
                            "arn": "arn:aws:ec2:us-east-1:238544149387:subnet/subnet-0aa9b85a0a85f25dd",
                            "assign_ipv6_address_on_creation": "false",
                            "availability_zone": "us-east-1c",
                            "cidr_block": "10.0.80.0/20",
                            "id": "subnet-0aa9b85a0a85f25dd",
                            "map_public_ip_on_launch": "false",
                            "tags.%": "3",
                            "tags.Name": "drupal-vpc-private-subnet-app-2",
                            "tags.Network": "private",
                            "tags.drupal-vpc": "drupal-vpc",
                            "vpc_id": "vpc-0a633c995e83988d7"
                        },
                        "meta": {
                            "schema_version": "1"
                        },
                        "tainted": false
                    },
                    "deposed": [],
                    "provider": "provider.aws"
                },
                "aws_subnet.public-subnets.0": {
                    "type": "aws_subnet",
                    "depends_on": [
                        "aws_vpc.drupal-vpc"
                    ],
                    "primary": {
                        "id": "subnet-0afff334eb773c3d6",
                        "attributes": {
                            "arn": "arn:aws:ec2:us-east-1:238544149387:subnet/subnet-0afff334eb773c3d6",
                            "assign_ipv6_address_on_creation": "false",
                            "availability_zone": "us-east-1a",
                            "cidr_block": "10.0.0.0/20",
                            "id": "subnet-0afff334eb773c3d6",
                            "map_public_ip_on_launch": "true",
                            "tags.%": "2",
                            "tags.Name": "drupal-vpc-public-subnet-0",
                            "tags.drupal-vpc": "drupal-vpc",
                            "vpc_id": "vpc-0a633c995e83988d7"
                        },
                        "meta": {
                            "schema_version": "1"
                        },
                        "tainted": false
                    },
                    "deposed": [],
                    "provider": "provider.aws"
                },
                "aws_subnet.public-subnets.1": {
                    "type": "aws_subnet",
                    "depends_on": [
                        "aws_vpc.drupal-vpc"
                    ],
                    "primary": {
                        "id": "subnet-0f8482b0bfb342623",
                        "attributes": {
                            "arn": "arn:aws:ec2:us-east-1:238544149387:subnet/subnet-0f8482b0bfb342623",
                            "assign_ipv6_address_on_creation": "false",
                            "availability_zone": "us-east-1b",
                            "cidr_block": "10.0.16.0/20",
                            "id": "subnet-0f8482b0bfb342623",
                            "map_public_ip_on_launch": "true",
                            "tags.%": "2",
                            "tags.Name": "drupal-vpc-public-subnet-1",
                            "tags.drupal-vpc": "drupal-vpc",
                            "vpc_id": "vpc-0a633c995e83988d7"
                        },
                        "meta": {
                            "schema_version": "1"
                        },
                        "tainted": false
                    },
                    "deposed": [],
                    "provider": "provider.aws"
                },
                "aws_subnet.public-subnets.2": {
                    "type": "aws_subnet",
                    "depends_on": [
                        "aws_vpc.drupal-vpc"
                    ],
                    "primary": {
                        "id": "subnet-03b031822648a8efc",
                        "attributes": {
                            "arn": "arn:aws:ec2:us-east-1:238544149387:subnet/subnet-03b031822648a8efc",
                            "assign_ipv6_address_on_creation": "false",
                            "availability_zone": "us-east-1c",
                            "cidr_block": "10.0.32.0/20",
                            "id": "subnet-03b031822648a8efc",
                            "map_public_ip_on_launch": "true",
                            "tags.%": "2",
                            "tags.Name": "drupal-vpc-public-subnet-2",
                            "tags.drupal-vpc": "drupal-vpc",
                            "vpc_id": "vpc-0a633c995e83988d7"
                        },
                        "meta": {
                            "schema_version": "1"
                        },
                        "tainted": false
                    },
                    "deposed": [],
                    "provider": "provider.aws"
                },
                "aws_vpc.drupal-vpc": {
                    "type": "aws_vpc",
                    "depends_on": [],
                    "primary": {
                        "id": "vpc-0a633c995e83988d7",
                        "attributes": {
                            "arn": "arn:aws:ec2:us-east-1:238544149387:vpc/vpc-0a633c995e83988d7",
                            "assign_generated_ipv6_cidr_block": "false",
                            "cidr_block": "10.0.0.0/16",
                            "default_network_acl_id": "acl-0bcabee2ca58a682a",
                            "default_route_table_id": "rtb-0cbad5ec6d48ad321",
                            "default_security_group_id": "sg-0f5ff19439244618a",
                            "dhcp_options_id": "dopt-73e40216",
                            "enable_classiclink": "false",
                            "enable_classiclink_dns_support": "false",
                            "enable_dns_hostnames": "true",
                            "enable_dns_support": "true",
                            "id": "vpc-0a633c995e83988d7",
                            "instance_tenancy": "default",
                            "main_route_table_id": "rtb-0cbad5ec6d48ad321",
                            "tags.%": "2",
                            "tags.Environment": "pci_dss_poc",
                            "tags.Name": "terraform-drupal-vpc"
                        },
                        "meta": {
                            "schema_version": "1"
                        },
                        "tainted": false
                    },
                    "deposed": [],
                    "provider": "provider.aws"
                }
            },
            "depends_on": []
        }
    ]
}
