{
    "version": 3,
    "terraform_version": "0.11.8",
    "serial": 5,
    "lineage": "40205444-b2d1-19ba-0ac9-b271002a879e",
    "modules": [
        {
            "path": [
                "root"
            ],
            "outputs": {
                "public_ip": {
                    "sensitive": false,
                    "type": "string",
                    "value": "54.243.10.171"
                }
            },
            "resources": {
                "aws_eip.open_vpn_eip": {
                    "type": "aws_eip",
                    "depends_on": [
                        "aws_instance.open_vpn"
                    ],
                    "primary": {
                        "id": "eipalloc-0e134a1a380c56ac1",
                        "attributes": {
                            "association_id": "eipassoc-0651b1e3546d7e1ba",
                            "domain": "vpc",
                            "id": "eipalloc-0e134a1a380c56ac1",
                            "instance": "i-09a869ef6e489332f",
                            "network_interface": "eni-046f52877b83d2db4",
                            "private_ip": "10.0.0.74",
                            "public_ip": "18.205.74.163",
                            "tags.%": "0",
                            "vpc": "true"
                        },
                        "meta": {
                            "e2bfb730-ecaa-11e6-8f88-34363bc7c4c0": {
                                "delete": 180000000000,
                                "read": 900000000000,
                                "update": 300000000000
                            }
                        },
                        "tainted": false
                    },
                    "deposed": [],
                    "provider": "provider.aws"
                },
                "aws_elasticache_cluster.redis_cluster": {
                    "type": "aws_elasticache_cluster",
                    "depends_on": [],
                    "primary": {
                        "id": "redis-cluster",
                        "attributes": {
                            "availability_zone": "us-east-1c",
                            "az_mode": "single-az",
                            "cache_nodes.#": "1",
                            "cache_nodes.0.address": "redis-cluster.baplaf.0001.use1.cache.amazonaws.com",
                            "cache_nodes.0.availability_zone": "us-east-1c",
                            "cache_nodes.0.id": "0001",
                            "cache_nodes.0.port": "6379",
                            "cluster_id": "redis-cluster",
                            "engine": "redis",
                            "engine_version": "4.0.10",
                            "id": "redis-cluster",
                            "maintenance_window": "sat:05:00-sat:06:00",
                            "node_type": "cache.t2.micro",
                            "num_cache_nodes": "1",
                            "parameter_group_name": "default.redis4.0",
                            "port": "6379",
                            "security_group_ids.#": "0",
                            "security_group_names.#": "0",
                            "snapshot_retention_limit": "0",
                            "snapshot_window": "",
                            "subnet_group_name": "default",
                            "tags.%": "0"
                        },
                        "meta": {},
                        "tainted": false
                    },
                    "deposed": [],
                    "provider": "provider.aws"
                },
                "aws_instance.open_vpn": {
                    "type": "aws_instance",
                    "depends_on": [
                        "aws_security_group.open_vpn_sg",
                        "aws_subnet.us-east-1a-public"
                    ],
                    "primary": {
                        "id": "i-09a869ef6e489332f",
                        "attributes": {
                            "ami": "ami-759bc50a",
                            "arn": "arn:aws:ec2:us-east-1:238544149387:instance/i-09a869ef6e489332f",
                            "associate_public_ip_address": "true",
                            "availability_zone": "us-east-1a",
                            "cpu_core_count": "1",
                            "cpu_threads_per_core": "1",
                            "credit_specification.#": "1",
                            "credit_specification.0.cpu_credits": "standard",
                            "disable_api_termination": "false",
                            "ebs_block_device.#": "0",
                            "ebs_optimized": "false",
                            "ephemeral_block_device.#": "0",
                            "get_password_data": "false",
                            "iam_instance_profile": "",
                            "id": "i-09a869ef6e489332f",
                            "instance_state": "running",
                            "instance_type": "t2.micro",
                            "ipv6_addresses.#": "0",
                            "key_name": "tf1",
                            "monitoring": "false",
                            "network_interface.#": "0",
                            "network_interface_id": "eni-046f52877b83d2db4",
                            "password_data": "",
                            "placement_group": "",
                            "primary_network_interface_id": "eni-046f52877b83d2db4",
                            "private_dns": "ip-10-0-0-74.ec2.internal",
                            "private_ip": "10.0.0.74",
                            "public_dns": "ec2-54-243-10-171.compute-1.amazonaws.com",
                            "public_ip": "54.243.10.171",
                            "root_block_device.#": "1",
                            "root_block_device.0.delete_on_termination": "true",
                            "root_block_device.0.iops": "100",
                            "root_block_device.0.volume_id": "vol-0c670477d10e54803",
                            "root_block_device.0.volume_size": "8",
                            "root_block_device.0.volume_type": "gp2",
                            "security_groups.#": "0",
                            "source_dest_check": "false",
                            "subnet_id": "subnet-03895094f18f19e93",
                            "tags.%": "2",
                            "tags.Environment": "pci_dss_poc",
                            "tags.Name": "open_vpn_server",
                            "tenancy": "default",
                            "volume_tags.%": "0",
                            "vpc_security_group_ids.#": "1",
                            "vpc_security_group_ids.1165173328": "sg-037b394dbc40ab44c"
                        },
                        "meta": {
                            "e2bfb730-ecaa-11e6-8f88-34363bc7c4c0": {
                                "create": 600000000000,
                                "delete": 1200000000000,
                                "update": 600000000000
                            },
                            "schema_version": "1"
                        },
                        "tainted": false
                    },
                    "deposed": [],
                    "provider": "provider.aws"
                },
                "aws_internet_gateway.open_vpn_gateway": {
                    "type": "aws_internet_gateway",
                    "depends_on": [
                        "aws_vpc.open_vpn_vpc"
                    ],
                    "primary": {
                        "id": "igw-01bb466c548807eb0",
                        "attributes": {
                            "id": "igw-01bb466c548807eb0",
                            "vpc_id": "vpc-0cd6eaf97de9be51f"
                        },
                        "meta": {},
                        "tainted": false
                    },
                    "deposed": [],
                    "provider": "provider.aws"
                },
                "aws_route53_zone.hosted_zone": {
                    "type": "aws_route53_zone",
                    "depends_on": [],
                    "primary": {
                        "id": "Z2TFKO7Y7MBJ8L",
                        "attributes": {
                            "comment": "Managed by Terraform",
                            "force_destroy": "false",
                            "id": "Z2TFKO7Y7MBJ8L",
                            "name": "poc-internal.digital",
                            "name_servers.#": "4",
                            "name_servers.0": "ns-1513.awsdns-61.org",
                            "name_servers.1": "ns-196.awsdns-24.com",
                            "name_servers.2": "ns-2006.awsdns-58.co.uk",
                            "name_servers.3": "ns-850.awsdns-42.net",
                            "tags.%": "0",
                            "zone_id": "Z2TFKO7Y7MBJ8L"
                        },
                        "meta": {},
                        "tainted": false
                    },
                    "deposed": [],
                    "provider": "provider.aws"
                },
                "aws_route_table.us-east-1a-private": {
                    "type": "aws_route_table",
                    "depends_on": [
                        "aws_instance.open_vpn",
                        "aws_vpc.open_vpn_vpc"
                    ],
                    "primary": {
                        "id": "rtb-083653fbb7b4e5278",
                        "attributes": {
                            "id": "rtb-083653fbb7b4e5278",
                            "propagating_vgws.#": "0",
                            "route.#": "1",
                            "route.4120407772.cidr_block": "0.0.0.0/0",
                            "route.4120407772.egress_only_gateway_id": "",
                            "route.4120407772.gateway_id": "",
                            "route.4120407772.instance_id": "i-09a869ef6e489332f",
                            "route.4120407772.ipv6_cidr_block": "",
                            "route.4120407772.nat_gateway_id": "",
                            "route.4120407772.network_interface_id": "eni-046f52877b83d2db4",
                            "route.4120407772.vpc_peering_connection_id": "",
                            "tags.%": "2",
                            "tags.Environment": "pci_dss_poc",
                            "tags.Name": "Private Subnet",
                            "vpc_id": "vpc-0cd6eaf97de9be51f"
                        },
                        "meta": {},
                        "tainted": false
                    },
                    "deposed": [],
                    "provider": "provider.aws"
                },
                "aws_route_table.us-east-1a-public": {
                    "type": "aws_route_table",
                    "depends_on": [
                        "aws_internet_gateway.open_vpn_gateway",
                        "aws_vpc.open_vpn_vpc"
                    ],
                    "primary": {
                        "id": "rtb-0c03a87bc329e4cb3",
                        "attributes": {
                            "id": "rtb-0c03a87bc329e4cb3",
                            "propagating_vgws.#": "0",
                            "route.#": "1",
                            "route.829468599.cidr_block": "0.0.0.0/0",
                            "route.829468599.egress_only_gateway_id": "",
                            "route.829468599.gateway_id": "igw-01bb466c548807eb0",
                            "route.829468599.instance_id": "",
                            "route.829468599.ipv6_cidr_block": "",
                            "route.829468599.nat_gateway_id": "",
                            "route.829468599.network_interface_id": "",
                            "route.829468599.vpc_peering_connection_id": "",
                            "tags.%": "2",
                            "tags.Environment": "pci_dss_poc",
                            "tags.Name": "Public Subnet Open VPN",
                            "vpc_id": "vpc-0cd6eaf97de9be51f"
                        },
                        "meta": {},
                        "tainted": false
                    },
                    "deposed": [],
                    "provider": "provider.aws"
                },
                "aws_route_table_association.us-east-1a-private": {
                    "type": "aws_route_table_association",
                    "depends_on": [
                        "aws_route_table.us-east-1a-private",
                        "aws_subnet.us-east-1a-private"
                    ],
                    "primary": {
                        "id": "rtbassoc-063cf88f23d4e3d88",
                        "attributes": {
                            "id": "rtbassoc-063cf88f23d4e3d88",
                            "route_table_id": "rtb-083653fbb7b4e5278",
                            "subnet_id": "subnet-0e64d3181ff9ca8a4"
                        },
                        "meta": {},
                        "tainted": false
                    },
                    "deposed": [],
                    "provider": "provider.aws"
                },
                "aws_route_table_association.us-east-1a-public": {
                    "type": "aws_route_table_association",
                    "depends_on": [
                        "aws_route_table.us-east-1a-public",
                        "aws_subnet.us-east-1a-public"
                    ],
                    "primary": {
                        "id": "rtbassoc-03f2cc1b377c6e3f1",
                        "attributes": {
                            "id": "rtbassoc-03f2cc1b377c6e3f1",
                            "route_table_id": "rtb-0c03a87bc329e4cb3",
                            "subnet_id": "subnet-03895094f18f19e93"
                        },
                        "meta": {},
                        "tainted": false
                    },
                    "deposed": [],
                    "provider": "provider.aws"
                },
                "aws_security_group.open_vpn_sg": {
                    "type": "aws_security_group",
                    "depends_on": [
                        "aws_vpc.open_vpn_vpc"
                    ],
                    "primary": {
                        "id": "sg-037b394dbc40ab44c",
                        "attributes": {
                            "arn": "arn:aws:ec2:us-east-1:238544149387:security-group/sg-037b394dbc40ab44c",
                            "description": "Allow traffic to pass from the private subnet to the internet",
                            "egress.#": "4",
                            "egress.1799340084.cidr_blocks.#": "1",
                            "egress.1799340084.cidr_blocks.0": "0.0.0.0/0",
                            "egress.1799340084.description": "",
                            "egress.1799340084.from_port": "-1",
                            "egress.1799340084.ipv6_cidr_blocks.#": "0",
                            "egress.1799340084.prefix_list_ids.#": "0",
                            "egress.1799340084.protocol": "icmp",
                            "egress.1799340084.security_groups.#": "0",
                            "egress.1799340084.self": "false",
                            "egress.1799340084.to_port": "-1",
                            "egress.2214680975.cidr_blocks.#": "1",
                            "egress.2214680975.cidr_blocks.0": "0.0.0.0/0",
                            "egress.2214680975.description": "",
                            "egress.2214680975.from_port": "80",
                            "egress.2214680975.ipv6_cidr_blocks.#": "0",
                            "egress.2214680975.prefix_list_ids.#": "0",
                            "egress.2214680975.protocol": "tcp",
                            "egress.2214680975.security_groups.#": "0",
                            "egress.2214680975.self": "false",
                            "egress.2214680975.to_port": "80",
                            "egress.2617001939.cidr_blocks.#": "1",
                            "egress.2617001939.cidr_blocks.0": "0.0.0.0/0",
                            "egress.2617001939.description": "",
                            "egress.2617001939.from_port": "443",
                            "egress.2617001939.ipv6_cidr_blocks.#": "0",
                            "egress.2617001939.prefix_list_ids.#": "0",
                            "egress.2617001939.protocol": "tcp",
                            "egress.2617001939.security_groups.#": "0",
                            "egress.2617001939.self": "false",
                            "egress.2617001939.to_port": "443",
                            "egress.931551850.cidr_blocks.#": "1",
                            "egress.931551850.cidr_blocks.0": "10.0.0.0/16",
                            "egress.931551850.description": "",
                            "egress.931551850.from_port": "22",
                            "egress.931551850.ipv6_cidr_blocks.#": "0",
                            "egress.931551850.prefix_list_ids.#": "0",
                            "egress.931551850.protocol": "tcp",
                            "egress.931551850.security_groups.#": "0",
                            "egress.931551850.self": "false",
                            "egress.931551850.to_port": "22",
                            "id": "sg-037b394dbc40ab44c",
                            "ingress.#": "4",
                            "ingress.1799340084.cidr_blocks.#": "1",
                            "ingress.1799340084.cidr_blocks.0": "0.0.0.0/0",
                            "ingress.1799340084.description": "",
                            "ingress.1799340084.from_port": "-1",
                            "ingress.1799340084.ipv6_cidr_blocks.#": "0",
                            "ingress.1799340084.protocol": "icmp",
                            "ingress.1799340084.security_groups.#": "0",
                            "ingress.1799340084.self": "false",
                            "ingress.1799340084.to_port": "-1",
                            "ingress.2541437006.cidr_blocks.#": "1",
                            "ingress.2541437006.cidr_blocks.0": "0.0.0.0/0",
                            "ingress.2541437006.description": "",
                            "ingress.2541437006.from_port": "22",
                            "ingress.2541437006.ipv6_cidr_blocks.#": "0",
                            "ingress.2541437006.protocol": "tcp",
                            "ingress.2541437006.security_groups.#": "0",
                            "ingress.2541437006.self": "false",
                            "ingress.2541437006.to_port": "22",
                            "ingress.386650288.cidr_blocks.#": "1",
                            "ingress.386650288.cidr_blocks.0": "10.0.1.0/24",
                            "ingress.386650288.description": "",
                            "ingress.386650288.from_port": "80",
                            "ingress.386650288.ipv6_cidr_blocks.#": "0",
                            "ingress.386650288.protocol": "tcp",
                            "ingress.386650288.security_groups.#": "0",
                            "ingress.386650288.self": "false",
                            "ingress.386650288.to_port": "80",
                            "ingress.4211794038.cidr_blocks.#": "1",
                            "ingress.4211794038.cidr_blocks.0": "10.0.1.0/24",
                            "ingress.4211794038.description": "",
                            "ingress.4211794038.from_port": "443",
                            "ingress.4211794038.ipv6_cidr_blocks.#": "0",
                            "ingress.4211794038.protocol": "tcp",
                            "ingress.4211794038.security_groups.#": "0",
                            "ingress.4211794038.self": "false",
                            "ingress.4211794038.to_port": "443",
                            "name": "open_vpn_sg",
                            "owner_id": "238544149387",
                            "revoke_rules_on_delete": "false",
                            "tags.%": "2",
                            "tags.Environment": "pci_dss_poc",
                            "tags.Name": "open_vpn_vpc",
                            "vpc_id": "vpc-0cd6eaf97de9be51f"
                        },
                        "meta": {
                            "e2bfb730-ecaa-11e6-8f88-34363bc7c4c0": {
                                "create": 600000000000,
                                "delete": 600000000000
                            },
                            "schema_version": "1"
                        },
                        "tainted": false
                    },
                    "deposed": [],
                    "provider": "provider.aws"
                },
                "aws_subnet.us-east-1a-private": {
                    "type": "aws_subnet",
                    "depends_on": [
                        "aws_vpc.open_vpn_vpc"
                    ],
                    "primary": {
                        "id": "subnet-0e64d3181ff9ca8a4",
                        "attributes": {
                            "arn": "arn:aws:ec2:us-east-1:238544149387:subnet/subnet-0e64d3181ff9ca8a4",
                            "assign_ipv6_address_on_creation": "false",
                            "availability_zone": "us-east-1a",
                            "cidr_block": "10.0.1.0/24",
                            "id": "subnet-0e64d3181ff9ca8a4",
                            "map_public_ip_on_launch": "false",
                            "tags.%": "2",
                            "tags.Environment": "pci_dss_poc",
                            "tags.Name": "Private Subnet",
                            "vpc_id": "vpc-0cd6eaf97de9be51f"
                        },
                        "meta": {
                            "schema_version": "1"
                        },
                        "tainted": false
                    },
                    "deposed": [],
                    "provider": "provider.aws"
                },
                "aws_subnet.us-east-1a-public": {
                    "type": "aws_subnet",
                    "depends_on": [
                        "aws_vpc.open_vpn_vpc"
                    ],
                    "primary": {
                        "id": "subnet-03895094f18f19e93",
                        "attributes": {
                            "arn": "arn:aws:ec2:us-east-1:238544149387:subnet/subnet-03895094f18f19e93",
                            "assign_ipv6_address_on_creation": "false",
                            "availability_zone": "us-east-1a",
                            "cidr_block": "10.0.0.0/24",
                            "id": "subnet-03895094f18f19e93",
                            "map_public_ip_on_launch": "false",
                            "tags.%": "2",
                            "tags.Environment": "pci_dss_poc",
                            "tags.Name": "Public Subnet Open VPN",
                            "vpc_id": "vpc-0cd6eaf97de9be51f"
                        },
                        "meta": {
                            "schema_version": "1"
                        },
                        "tainted": false
                    },
                    "deposed": [],
                    "provider": "provider.aws"
                },
                "aws_vpc.open_vpn_vpc": {
                    "type": "aws_vpc",
                    "depends_on": [],
                    "primary": {
                        "id": "vpc-0cd6eaf97de9be51f",
                        "attributes": {
                            "arn": "arn:aws:ec2:us-east-1:238544149387:vpc/vpc-0cd6eaf97de9be51f",
                            "assign_generated_ipv6_cidr_block": "false",
                            "cidr_block": "10.0.0.0/16",
                            "default_network_acl_id": "acl-05408cbba15b9bf45",
                            "default_route_table_id": "rtb-0a45f6671631930cd",
                            "default_security_group_id": "sg-04d44a5e42f56c12d",
                            "dhcp_options_id": "dopt-73e40216",
                            "enable_classiclink": "false",
                            "enable_classiclink_dns_support": "false",
                            "enable_dns_hostnames": "true",
                            "enable_dns_support": "true",
                            "id": "vpc-0cd6eaf97de9be51f",
                            "instance_tenancy": "default",
                            "main_route_table_id": "rtb-0a45f6671631930cd",
                            "tags.%": "2",
                            "tags.Environment": "pci_dss_poc",
                            "tags.Name": "terraform-openvpn-vpc"
                        },
                        "meta": {
                            "schema_version": "1"
                        },
                        "tainted": false
                    },
                    "deposed": [],
                    "provider": "provider.aws"
                }
            },
            "depends_on": []
        }
    ]
}
