{
    "version": 3,
    "terraform_version": "0.11.8",
    "serial": 3,
    "lineage": "40205444-b2d1-19ba-0ac9-b271002a879e",
    "modules": [
        {
            "path": [
                "root"
            ],
            "outputs": {},
            "resources": {
                "aws_eip.open_vpn_eip": {
                    "type": "aws_eip",
                    "depends_on": [
                        "aws_instance.open_vpn"
                    ],
                    "primary": {
                        "id": "eipalloc-04c293be45faad266",
                        "attributes": {
                            "association_id": "eipassoc-01bc04ae17acfad97",
                            "domain": "vpc",
                            "id": "eipalloc-04c293be45faad266",
                            "instance": "i-01f60668d16ffaf98",
                            "network_interface": "eni-067c768bb118cf3ea",
                            "private_ip": "10.0.0.171",
                            "public_ip": "18.215.36.200",
                            "tags.%": "0",
                            "vpc": "true"
                        },
                        "meta": {
                            "e2bfb730-ecaa-11e6-8f88-34363bc7c4c0": {
                                "delete": 180000000000,
                                "read": 900000000000,
                                "update": 300000000000
                            }
                        },
                        "tainted": false
                    },
                    "deposed": [],
                    "provider": "provider.aws"
                },
                "aws_instance.open_vpn": {
                    "type": "aws_instance",
                    "depends_on": [
                        "aws_security_group.open_vpn_sg",
                        "aws_subnet.us-east-1a-public"
                    ],
                    "primary": {
                        "id": "i-01f60668d16ffaf98",
                        "attributes": {
                            "ami": "ami-759bc50a",
                            "arn": "arn:aws:ec2:us-east-1:238544149387:instance/i-01f60668d16ffaf98",
                            "associate_public_ip_address": "true",
                            "availability_zone": "us-east-1a",
                            "cpu_core_count": "1",
                            "cpu_threads_per_core": "1",
                            "credit_specification.#": "1",
                            "credit_specification.0.cpu_credits": "standard",
                            "disable_api_termination": "false",
                            "ebs_block_device.#": "0",
                            "ebs_optimized": "false",
                            "ephemeral_block_device.#": "0",
                            "get_password_data": "false",
                            "iam_instance_profile": "",
                            "id": "i-01f60668d16ffaf98",
                            "instance_state": "running",
                            "instance_type": "t2.micro",
                            "ipv6_addresses.#": "0",
                            "key_name": "tf1",
                            "monitoring": "false",
                            "network_interface.#": "0",
                            "network_interface_id": "eni-067c768bb118cf3ea",
                            "password_data": "",
                            "placement_group": "",
                            "primary_network_interface_id": "eni-067c768bb118cf3ea",
                            "private_dns": "ip-10-0-0-171.ec2.internal",
                            "private_ip": "10.0.0.171",
                            "public_dns": "ec2-54-196-17-182.compute-1.amazonaws.com",
                            "public_ip": "54.196.17.182",
                            "root_block_device.#": "1",
                            "root_block_device.0.delete_on_termination": "true",
                            "root_block_device.0.iops": "100",
                            "root_block_device.0.volume_id": "vol-09f408db96cfd8a30",
                            "root_block_device.0.volume_size": "8",
                            "root_block_device.0.volume_type": "gp2",
                            "security_groups.#": "0",
                            "source_dest_check": "false",
                            "subnet_id": "subnet-08e826db67370c581",
                            "tags.%": "1",
                            "tags.Name": "OPEN VPN EC2",
                            "tenancy": "default",
                            "volume_tags.%": "0",
                            "vpc_security_group_ids.#": "1",
                            "vpc_security_group_ids.1952124796": "sg-0a48c5db82da1e793"
                        },
                        "meta": {
                            "e2bfb730-ecaa-11e6-8f88-34363bc7c4c0": {
                                "create": 600000000000,
                                "delete": 1200000000000,
                                "update": 600000000000
                            },
                            "schema_version": "1"
                        },
                        "tainted": false
                    },
                    "deposed": [],
                    "provider": "provider.aws"
                },
                "aws_internet_gateway.open_vpn_gateway": {
                    "type": "aws_internet_gateway",
                    "depends_on": [
                        "aws_vpc.open_vpn_vpc"
                    ],
                    "primary": {
                        "id": "igw-07ad045c62d6806e6",
                        "attributes": {
                            "id": "igw-07ad045c62d6806e6",
                            "vpc_id": "vpc-0b4a0716c84230c7e"
                        },
                        "meta": {},
                        "tainted": false
                    },
                    "deposed": [],
                    "provider": "provider.aws"
                },
                "aws_route_table.us-east-1a-private": {
                    "type": "aws_route_table",
                    "depends_on": [
                        "aws_instance.open_vpn",
                        "aws_vpc.open_vpn_vpc"
                    ],
                    "primary": {
                        "id": "rtb-0cefce0230bcaec5c",
                        "attributes": {
                            "id": "rtb-0cefce0230bcaec5c",
                            "propagating_vgws.#": "0",
                            "route.#": "1",
                            "route.3703670686.cidr_block": "0.0.0.0/0",
                            "route.3703670686.egress_only_gateway_id": "",
                            "route.3703670686.gateway_id": "",
                            "route.3703670686.instance_id": "i-01f60668d16ffaf98",
                            "route.3703670686.ipv6_cidr_block": "",
                            "route.3703670686.nat_gateway_id": "",
                            "route.3703670686.network_interface_id": "eni-067c768bb118cf3ea",
                            "route.3703670686.vpc_peering_connection_id": "",
                            "tags.%": "1",
                            "tags.Name": "Private Subnet",
                            "vpc_id": "vpc-0b4a0716c84230c7e"
                        },
                        "meta": {},
                        "tainted": false
                    },
                    "deposed": [],
                    "provider": "provider.aws"
                },
                "aws_route_table.us-east-1a-public": {
                    "type": "aws_route_table",
                    "depends_on": [
                        "aws_internet_gateway.open_vpn_gateway",
                        "aws_vpc.open_vpn_vpc"
                    ],
                    "primary": {
                        "id": "rtb-09543f2cd356e5ac0",
                        "attributes": {
                            "id": "rtb-09543f2cd356e5ac0",
                            "propagating_vgws.#": "0",
                            "route.#": "1",
                            "route.3941666835.cidr_block": "0.0.0.0/0",
                            "route.3941666835.egress_only_gateway_id": "",
                            "route.3941666835.gateway_id": "igw-07ad045c62d6806e6",
                            "route.3941666835.instance_id": "",
                            "route.3941666835.ipv6_cidr_block": "",
                            "route.3941666835.nat_gateway_id": "",
                            "route.3941666835.network_interface_id": "",
                            "route.3941666835.vpc_peering_connection_id": "",
                            "tags.%": "1",
                            "tags.Name": "Public Subnet Open VPN",
                            "vpc_id": "vpc-0b4a0716c84230c7e"
                        },
                        "meta": {},
                        "tainted": false
                    },
                    "deposed": [],
                    "provider": "provider.aws"
                },
                "aws_route_table_association.us-east-1a-private": {
                    "type": "aws_route_table_association",
                    "depends_on": [
                        "aws_route_table.us-east-1a-private",
                        "aws_subnet.us-east-1a-private"
                    ],
                    "primary": {
                        "id": "rtbassoc-063f667fac44770d1",
                        "attributes": {
                            "id": "rtbassoc-063f667fac44770d1",
                            "route_table_id": "rtb-0cefce0230bcaec5c",
                            "subnet_id": "subnet-0f9c845e4ea9273ea"
                        },
                        "meta": {},
                        "tainted": false
                    },
                    "deposed": [],
                    "provider": "provider.aws"
                },
                "aws_route_table_association.us-east-1a-public": {
                    "type": "aws_route_table_association",
                    "depends_on": [
                        "aws_route_table.us-east-1a-public",
                        "aws_subnet.us-east-1a-public"
                    ],
                    "primary": {
                        "id": "rtbassoc-0307327795d95d473",
                        "attributes": {
                            "id": "rtbassoc-0307327795d95d473",
                            "route_table_id": "rtb-09543f2cd356e5ac0",
                            "subnet_id": "subnet-08e826db67370c581"
                        },
                        "meta": {},
                        "tainted": false
                    },
                    "deposed": [],
                    "provider": "provider.aws"
                },
                "aws_security_group.open_vpn_sg": {
                    "type": "aws_security_group",
                    "depends_on": [
                        "aws_vpc.open_vpn_vpc"
                    ],
                    "primary": {
                        "id": "sg-0a48c5db82da1e793",
                        "attributes": {
                            "arn": "arn:aws:ec2:us-east-1:238544149387:security-group/sg-0a48c5db82da1e793",
                            "description": "Allow traffic to pass from the private subnet to the internet",
                            "egress.#": "4",
                            "egress.1799340084.cidr_blocks.#": "1",
                            "egress.1799340084.cidr_blocks.0": "0.0.0.0/0",
                            "egress.1799340084.description": "",
                            "egress.1799340084.from_port": "-1",
                            "egress.1799340084.ipv6_cidr_blocks.#": "0",
                            "egress.1799340084.prefix_list_ids.#": "0",
                            "egress.1799340084.protocol": "icmp",
                            "egress.1799340084.security_groups.#": "0",
                            "egress.1799340084.self": "false",
                            "egress.1799340084.to_port": "-1",
                            "egress.2214680975.cidr_blocks.#": "1",
                            "egress.2214680975.cidr_blocks.0": "0.0.0.0/0",
                            "egress.2214680975.description": "",
                            "egress.2214680975.from_port": "80",
                            "egress.2214680975.ipv6_cidr_blocks.#": "0",
                            "egress.2214680975.prefix_list_ids.#": "0",
                            "egress.2214680975.protocol": "tcp",
                            "egress.2214680975.security_groups.#": "0",
                            "egress.2214680975.self": "false",
                            "egress.2214680975.to_port": "80",
                            "egress.2617001939.cidr_blocks.#": "1",
                            "egress.2617001939.cidr_blocks.0": "0.0.0.0/0",
                            "egress.2617001939.description": "",
                            "egress.2617001939.from_port": "443",
                            "egress.2617001939.ipv6_cidr_blocks.#": "0",
                            "egress.2617001939.prefix_list_ids.#": "0",
                            "egress.2617001939.protocol": "tcp",
                            "egress.2617001939.security_groups.#": "0",
                            "egress.2617001939.self": "false",
                            "egress.2617001939.to_port": "443",
                            "egress.931551850.cidr_blocks.#": "1",
                            "egress.931551850.cidr_blocks.0": "10.0.0.0/16",
                            "egress.931551850.description": "",
                            "egress.931551850.from_port": "22",
                            "egress.931551850.ipv6_cidr_blocks.#": "0",
                            "egress.931551850.prefix_list_ids.#": "0",
                            "egress.931551850.protocol": "tcp",
                            "egress.931551850.security_groups.#": "0",
                            "egress.931551850.self": "false",
                            "egress.931551850.to_port": "22",
                            "id": "sg-0a48c5db82da1e793",
                            "ingress.#": "4",
                            "ingress.1799340084.cidr_blocks.#": "1",
                            "ingress.1799340084.cidr_blocks.0": "0.0.0.0/0",
                            "ingress.1799340084.description": "",
                            "ingress.1799340084.from_port": "-1",
                            "ingress.1799340084.ipv6_cidr_blocks.#": "0",
                            "ingress.1799340084.protocol": "icmp",
                            "ingress.1799340084.security_groups.#": "0",
                            "ingress.1799340084.self": "false",
                            "ingress.1799340084.to_port": "-1",
                            "ingress.2541437006.cidr_blocks.#": "1",
                            "ingress.2541437006.cidr_blocks.0": "0.0.0.0/0",
                            "ingress.2541437006.description": "",
                            "ingress.2541437006.from_port": "22",
                            "ingress.2541437006.ipv6_cidr_blocks.#": "0",
                            "ingress.2541437006.protocol": "tcp",
                            "ingress.2541437006.security_groups.#": "0",
                            "ingress.2541437006.self": "false",
                            "ingress.2541437006.to_port": "22",
                            "ingress.386650288.cidr_blocks.#": "1",
                            "ingress.386650288.cidr_blocks.0": "10.0.1.0/24",
                            "ingress.386650288.description": "",
                            "ingress.386650288.from_port": "80",
                            "ingress.386650288.ipv6_cidr_blocks.#": "0",
                            "ingress.386650288.protocol": "tcp",
                            "ingress.386650288.security_groups.#": "0",
                            "ingress.386650288.self": "false",
                            "ingress.386650288.to_port": "80",
                            "ingress.4211794038.cidr_blocks.#": "1",
                            "ingress.4211794038.cidr_blocks.0": "10.0.1.0/24",
                            "ingress.4211794038.description": "",
                            "ingress.4211794038.from_port": "443",
                            "ingress.4211794038.ipv6_cidr_blocks.#": "0",
                            "ingress.4211794038.protocol": "tcp",
                            "ingress.4211794038.security_groups.#": "0",
                            "ingress.4211794038.self": "false",
                            "ingress.4211794038.to_port": "443",
                            "name": "open_vpn_sg",
                            "owner_id": "238544149387",
                            "revoke_rules_on_delete": "false",
                            "tags.%": "1",
                            "tags.Name": "open_vpn_vpc",
                            "vpc_id": "vpc-0b4a0716c84230c7e"
                        },
                        "meta": {
                            "e2bfb730-ecaa-11e6-8f88-34363bc7c4c0": {
                                "create": 600000000000,
                                "delete": 600000000000
                            },
                            "schema_version": "1"
                        },
                        "tainted": false
                    },
                    "deposed": [],
                    "provider": "provider.aws"
                },
                "aws_subnet.us-east-1a-private": {
                    "type": "aws_subnet",
                    "depends_on": [
                        "aws_vpc.open_vpn_vpc"
                    ],
                    "primary": {
                        "id": "subnet-0f9c845e4ea9273ea",
                        "attributes": {
                            "arn": "arn:aws:ec2:us-east-1:238544149387:subnet/subnet-0f9c845e4ea9273ea",
                            "assign_ipv6_address_on_creation": "false",
                            "availability_zone": "us-east-1a",
                            "cidr_block": "10.0.1.0/24",
                            "id": "subnet-0f9c845e4ea9273ea",
                            "map_public_ip_on_launch": "false",
                            "tags.%": "1",
                            "tags.Name": "Private Subnet",
                            "vpc_id": "vpc-0b4a0716c84230c7e"
                        },
                        "meta": {
                            "schema_version": "1"
                        },
                        "tainted": false
                    },
                    "deposed": [],
                    "provider": "provider.aws"
                },
                "aws_subnet.us-east-1a-public": {
                    "type": "aws_subnet",
                    "depends_on": [
                        "aws_vpc.open_vpn_vpc"
                    ],
                    "primary": {
                        "id": "subnet-08e826db67370c581",
                        "attributes": {
                            "arn": "arn:aws:ec2:us-east-1:238544149387:subnet/subnet-08e826db67370c581",
                            "assign_ipv6_address_on_creation": "false",
                            "availability_zone": "us-east-1a",
                            "cidr_block": "10.0.0.0/24",
                            "id": "subnet-08e826db67370c581",
                            "map_public_ip_on_launch": "false",
                            "tags.%": "1",
                            "tags.Name": "Public Subnet Open VPN",
                            "vpc_id": "vpc-0b4a0716c84230c7e"
                        },
                        "meta": {
                            "schema_version": "1"
                        },
                        "tainted": false
                    },
                    "deposed": [],
                    "provider": "provider.aws"
                },
                "aws_vpc.open_vpn_vpc": {
                    "type": "aws_vpc",
                    "depends_on": [],
                    "primary": {
                        "id": "vpc-0b4a0716c84230c7e",
                        "attributes": {
                            "arn": "arn:aws:ec2:us-east-1:238544149387:vpc/vpc-0b4a0716c84230c7e",
                            "assign_generated_ipv6_cidr_block": "false",
                            "cidr_block": "10.0.0.0/16",
                            "default_network_acl_id": "acl-0adca8c9dd05e8002",
                            "default_route_table_id": "rtb-0c0a565ce7f680be4",
                            "default_security_group_id": "sg-0271f75343453bafb",
                            "dhcp_options_id": "dopt-73e40216",
                            "enable_classiclink": "false",
                            "enable_classiclink_dns_support": "false",
                            "enable_dns_hostnames": "true",
                            "enable_dns_support": "true",
                            "id": "vpc-0b4a0716c84230c7e",
                            "instance_tenancy": "default",
                            "main_route_table_id": "rtb-0c0a565ce7f680be4",
                            "tags.%": "1",
                            "tags.Name": "terraform-openvpn-vpc"
                        },
                        "meta": {
                            "schema_version": "1"
                        },
                        "tainted": false
                    },
                    "deposed": [],
                    "provider": "provider.aws"
                }
            },
            "depends_on": []
        }
    ]
}
